
Microsoft Visual Studio Solution File, Format Version 12.00
# Visual Studio Version 17
VisualStudioVersion = 17.9.34728.123
MinimumVisualStudioVersion = 10.0.40219.1
Project("{FAE04EC0-301F-11D3-BF4B-00C04F79EFBC}") = "Libreria", "Libreria.csproj", "{70DCCAA9-5B8E-4F61-81A4-BCE7B6BBC886}"
EndProject
Global
	GlobalSection(SolutionConfigurationPlatforms) = preSolution
		Debug|Any CPU = Debug|Any CPU
		Release|Any CPU = Release|Any CPU
	EndGlobalSection
	GlobalSection(ProjectConfigurationPlatforms) = postSolution
		{70DCCAA9-5B8E-4F61-81A4-BCE7B6BBC886}.Debug|Any CPU.ActiveCfg = Debug|Any CPU
		{70DCCAA9-5B8E-4F61-81A4-BCE7B6BBC886}.Debug|Any CPU.Build.0 = Debug|Any CPU
		{70DCCAA9-5B8E-4F61-81A4-BCE7B6BBC886}.Release|Any CPU.ActiveCfg = Release|Any CPU
		{70DCCAA9-5B8E-4F61-81A4-BCE7B6BBC886}.Release|Any CPU.Build.0 = Release|Any CPU
	EndGlobalSection
	GlobalSection(SolutionProperties) = preSolution
		HideSolutionNode = FALSE
	EndGlobalSection
	GlobalSection(ExtensibilityGlobals) = postSolution
		SolutionGuid = {C0F50591-D321-4C3B-BF68-B5DC5DEFF6E3}
	EndGlobalSection
EndGlobal
