
Microsoft Visual Studio Solution File, Format Version 12.00
# Visual Studio Version 17
VisualStudioVersion = 17.9.34728.123
MinimumVisualStudioVersion = 10.0.40219.1
Project("{FAE04EC0-301F-11D3-BF4B-00C04F79EFBC}") = "RepasoParcial1", "RepasoParcial1.csproj", "{AC4832AD-3593-4EF0-AA1F-65EED9EC2DFE}"
EndProject
Global
	GlobalSection(SolutionConfigurationPlatforms) = preSolution
		Debug|Any CPU = Debug|Any CPU
		Release|Any CPU = Release|Any CPU
	EndGlobalSection
	GlobalSection(ProjectConfigurationPlatforms) = postSolution
		{AC4832AD-3593-4EF0-AA1F-65EED9EC2DFE}.Debug|Any CPU.ActiveCfg = Debug|Any CPU
		{AC4832AD-3593-4EF0-AA1F-65EED9EC2DFE}.Debug|Any CPU.Build.0 = Debug|Any CPU
		{AC4832AD-3593-4EF0-AA1F-65EED9EC2DFE}.Release|Any CPU.ActiveCfg = Release|Any CPU
		{AC4832AD-3593-4EF0-AA1F-65EED9EC2DFE}.Release|Any CPU.Build.0 = Release|Any CPU
	EndGlobalSection
	GlobalSection(SolutionProperties) = preSolution
		HideSolutionNode = FALSE
	EndGlobalSection
	GlobalSection(ExtensibilityGlobals) = postSolution
		SolutionGuid = {F97583B1-BB01-430B-94F7-4EBE9D1A699E}
	EndGlobalSection
EndGlobal
