
Microsoft Visual Studio Solution File, Format Version 12.00
# Visual Studio Version 17
VisualStudioVersion = 17.9.34728.123
MinimumVisualStudioVersion = 10.0.40219.1
Project("{FAE04EC0-301F-11D3-BF4B-00C04F79EFBC}") = "PracticandoConLINQ2", "PracticandoConLINQ2.csproj", "{BF6226DB-BA28-4F39-90C6-92C8AD700D12}"
EndProject
Global
	GlobalSection(SolutionConfigurationPlatforms) = preSolution
		Debug|Any CPU = Debug|Any CPU
		Release|Any CPU = Release|Any CPU
	EndGlobalSection
	GlobalSection(ProjectConfigurationPlatforms) = postSolution
		{BF6226DB-BA28-4F39-90C6-92C8AD700D12}.Debug|Any CPU.ActiveCfg = Debug|Any CPU
		{BF6226DB-BA28-4F39-90C6-92C8AD700D12}.Debug|Any CPU.Build.0 = Debug|Any CPU
		{BF6226DB-BA28-4F39-90C6-92C8AD700D12}.Release|Any CPU.ActiveCfg = Release|Any CPU
		{BF6226DB-BA28-4F39-90C6-92C8AD700D12}.Release|Any CPU.Build.0 = Release|Any CPU
	EndGlobalSection
	GlobalSection(SolutionProperties) = preSolution
		HideSolutionNode = FALSE
	EndGlobalSection
	GlobalSection(ExtensibilityGlobals) = postSolution
		SolutionGuid = {D1920425-F228-4FD5-8DBD-70CE96C423F2}
	EndGlobalSection
EndGlobal
