
Microsoft Visual Studio Solution File, Format Version 12.00
# Visual Studio Version 17
VisualStudioVersion = 17.9.34728.123
MinimumVisualStudioVersion = 10.0.40219.1
Project("{FAE04EC0-301F-11D3-BF4B-00C04F79EFBC}") = "EjercicioComplejidadCognitivaYLINQ", "EjercicioComplejidadCognitivaYLINQ.csproj", "{C50B78F2-1945-4C3E-8AAA-90EA46BCBA26}"
EndProject
Global
	GlobalSection(SolutionConfigurationPlatforms) = preSolution
		Debug|Any CPU = Debug|Any CPU
		Release|Any CPU = Release|Any CPU
	EndGlobalSection
	GlobalSection(ProjectConfigurationPlatforms) = postSolution
		{C50B78F2-1945-4C3E-8AAA-90EA46BCBA26}.Debug|Any CPU.ActiveCfg = Debug|Any CPU
		{C50B78F2-1945-4C3E-8AAA-90EA46BCBA26}.Debug|Any CPU.Build.0 = Debug|Any CPU
		{C50B78F2-1945-4C3E-8AAA-90EA46BCBA26}.Release|Any CPU.ActiveCfg = Release|Any CPU
		{C50B78F2-1945-4C3E-8AAA-90EA46BCBA26}.Release|Any CPU.Build.0 = Release|Any CPU
	EndGlobalSection
	GlobalSection(SolutionProperties) = preSolution
		HideSolutionNode = FALSE
	EndGlobalSection
	GlobalSection(ExtensibilityGlobals) = postSolution
		SolutionGuid = {13EDE25E-3254-4B14-8189-5AEB33A8AD1F}
	EndGlobalSection
EndGlobal
