
Microsoft Visual Studio Solution File, Format Version 12.00
# Visual Studio Version 17
VisualStudioVersion = 17.9.34728.123
MinimumVisualStudioVersion = 10.0.40219.1
Project("{FAE04EC0-301F-11D3-BF4B-00C04F79EFBC}") = "Interfaces", "Interfaces.csproj", "{3AB7B7E4-0467-41AB-B9BE-9E62706A6BE9}"
EndProject
Global
	GlobalSection(SolutionConfigurationPlatforms) = preSolution
		Debug|Any CPU = Debug|Any CPU
		Release|Any CPU = Release|Any CPU
	EndGlobalSection
	GlobalSection(ProjectConfigurationPlatforms) = postSolution
		{3AB7B7E4-0467-41AB-B9BE-9E62706A6BE9}.Debug|Any CPU.ActiveCfg = Debug|Any CPU
		{3AB7B7E4-0467-41AB-B9BE-9E62706A6BE9}.Debug|Any CPU.Build.0 = Debug|Any CPU
		{3AB7B7E4-0467-41AB-B9BE-9E62706A6BE9}.Release|Any CPU.ActiveCfg = Release|Any CPU
		{3AB7B7E4-0467-41AB-B9BE-9E62706A6BE9}.Release|Any CPU.Build.0 = Release|Any CPU
	EndGlobalSection
	GlobalSection(SolutionProperties) = preSolution
		HideSolutionNode = FALSE
	EndGlobalSection
	GlobalSection(ExtensibilityGlobals) = postSolution
		SolutionGuid = {CAAE1781-96A1-48EA-BDE8-78127355D594}
	EndGlobalSection
EndGlobal
