
Microsoft Visual Studio Solution File, Format Version 12.00
# Visual Studio Version 17
VisualStudioVersion = 17.9.34902.65
MinimumVisualStudioVersion = 10.0.40219.1
Project("{FAE04EC0-301F-11D3-BF4B-00C04F79EFBC}") = "ObligatorioProg3", "ObligatorioProg3.csproj", "{79503784-43ED-4ACB-AC18-517E69CDC2BD}"
EndProject
Global
	GlobalSection(SolutionConfigurationPlatforms) = preSolution
		Debug|Any CPU = Debug|Any CPU
		Release|Any CPU = Release|Any CPU
	EndGlobalSection
	GlobalSection(ProjectConfigurationPlatforms) = postSolution
		{79503784-43ED-4ACB-AC18-517E69CDC2BD}.Debug|Any CPU.ActiveCfg = Debug|Any CPU
		{79503784-43ED-4ACB-AC18-517E69CDC2BD}.Debug|Any CPU.Build.0 = Debug|Any CPU
		{79503784-43ED-4ACB-AC18-517E69CDC2BD}.Release|Any CPU.ActiveCfg = Release|Any CPU
		{79503784-43ED-4ACB-AC18-517E69CDC2BD}.Release|Any CPU.Build.0 = Release|Any CPU
	EndGlobalSection
	GlobalSection(SolutionProperties) = preSolution
		HideSolutionNode = FALSE
	EndGlobalSection
	GlobalSection(ExtensibilityGlobals) = postSolution
		SolutionGuid = {10BEED6B-69ED-40E4-9194-63074FADDA9E}
	EndGlobalSection
EndGlobal
